
Microsoft Visual Studio Solution File, Format Version 12.00
# Visual Studio Version 17
VisualStudioVersion = 17.14.36511.14 d17.14
MinimumVisualStudioVersion = 10.0.40219.1
Project("{FAE04EC0-301F-11D3-BF4B-00C04F79EFBC}") = "Modelos_LigaDeportiva", "Modelos_LigaDeportiva\Modelos_LigaDeportiva.csproj", "{64018A81-09FB-491A-A4A7-3F9142877E3A}"
EndProject
Project("{FAE04EC0-301F-11D3-BF4B-00C04F79EFBC}") = "Api_LigaDeportiva", "Api_LigaDeportiva\Api_LigaDeportiva.csproj", "{61028850-0F89-4302-AE0F-1A9DDC0A39D3}"
EndProject
Global
	GlobalSection(SolutionConfigurationPlatforms) = preSolution
		Debug|Any CPU = Debug|Any CPU
		Release|Any CPU = Release|Any CPU
	EndGlobalSection
	GlobalSection(ProjectConfigurationPlatforms) = postSolution
		{64018A81-09FB-491A-A4A7-3F9142877E3A}.Debug|Any CPU.ActiveCfg = Debug|Any CPU
		{64018A81-09FB-491A-A4A7-3F9142877E3A}.Debug|Any CPU.Build.0 = Debug|Any CPU
		{64018A81-09FB-491A-A4A7-3F9142877E3A}.Release|Any CPU.ActiveCfg = Release|Any CPU
		{64018A81-09FB-491A-A4A7-3F9142877E3A}.Release|Any CPU.Build.0 = Release|Any CPU
		{61028850-0F89-4302-AE0F-1A9DDC0A39D3}.Debug|Any CPU.ActiveCfg = Debug|Any CPU
		{61028850-0F89-4302-AE0F-1A9DDC0A39D3}.Debug|Any CPU.Build.0 = Debug|Any CPU
		{61028850-0F89-4302-AE0F-1A9DDC0A39D3}.Release|Any CPU.ActiveCfg = Release|Any CPU
		{61028850-0F89-4302-AE0F-1A9DDC0A39D3}.Release|Any CPU.Build.0 = Release|Any CPU
	EndGlobalSection
	GlobalSection(SolutionProperties) = preSolution
		HideSolutionNode = FALSE
	EndGlobalSection
	GlobalSection(ExtensibilityGlobals) = postSolution
		SolutionGuid = {0941C476-3D0E-4FCB-AF93-B2515B59D634}
	EndGlobalSection
EndGlobal
